// !$*UTF8*$!
{
	archiveVersion = 1;
	classes = {
	};
	objectVersion = 56;
	objects = {

/* Begin PBXBuildFile section */
		DE2B624A2BCDA41100105502 /* MAPD724_Final_Assign_ShubhamPatel_PrafulRanaApp.swift in Sources */ = {isa = PBXBuildFile; fileRef = DE2B62492BCDA41100105502 /* MAPD724_Final_Assign_ShubhamPatel_PrafulRanaApp.swift */; };
		DE2B624C2BCDA41100105502 /* ContentView.swift in Sources */ = {isa = PBXBuildFile; fileRef = DE2B624B2BCDA41100105502 /* ContentView.swift */; };
		DE2B624E2BCDA41500105502 /* Assets.xcassets in Resources */ = {isa = PBXBuildFile; fileRef = DE2B624D2BCDA41500105502 /* Assets.xcassets */; };
		DE2B62512BCDA41500105502 /* Preview Assets.xcassets in Resources */ = {isa = PBXBuildFile; fileRef = DE2B62502BCDA41500105502 /* Preview Assets.xcassets */; };
		DE2B62592BCDA48900105502 /* Recipe.swift in Sources */ = {isa = PBXBuildFile; fileRef = DE2B62582BCDA48900105502 /* Recipe.swift */; };
		DE2B625D2BCDB06000105502 /* RecipeListView.swift in Sources */ = {isa = PBXBuildFile; fileRef = DE2B625C2BCDB06000105502 /* RecipeListView.swift */; };
		DE2B625F2BCDB08500105502 /* RecipeDetailView.swift in Sources */ = {isa = PBXBuildFile; fileRef = DE2B625E2BCDB08500105502 /* RecipeDetailView.swift */; };
		DE2B62632BCDB78D00105502 /* RecipeService.swift in Sources */ = {isa = PBXBuildFile; fileRef = DE2B62622BCDB78D00105502 /* RecipeService.swift */; };
		DE2C564E2BCDCD220085C09B /* FavouriteRecipesView.swift in Sources */ = {isa = PBXBuildFile; fileRef = DE2C564D2BCDCD220085C09B /* FavouriteRecipesView.swift */; };
		DE2C56502BCDD1180085C09B /* RecipeCardView.swift in Sources */ = {isa = PBXBuildFile; fileRef = DE2C564F2BCDD1180085C09B /* RecipeCardView.swift */; };
/* End PBXBuildFile section */

/* Begin PBXFileReference section */
		DE2B62462BCDA41100105502 /* MAPD724_Final_Assign_ShubhamPatel_PrafulRana.app */ = {isa = PBXFileReference; explicitFileType = wrapper.application; includeInIndex = 0; path = MAPD724_Final_Assign_ShubhamPatel_PrafulRana.app; sourceTree = BUILT_PRODUCTS_DIR; };
		DE2B62492BCDA41100105502 /* MAPD724_Final_Assign_ShubhamPatel_PrafulRanaApp.swift */ = {isa = PBXFileReference; lastKnownFileType = sourcecode.swift; path = MAPD724_Final_Assign_ShubhamPatel_PrafulRanaApp.swift; sourceTree = "<group>"; };
		DE2B624B2BCDA41100105502 /* ContentView.swift */ = {isa = PBXFileReference; lastKnownFileType = sourcecode.swift; path = ContentView.swift; sourceTree = "<group>"; };
		DE2B624D2BCDA41500105502 /* Assets.xcassets */ = {isa = PBXFileReference; lastKnownFileType = folder.assetcatalog; path = Assets.xcassets; sourceTree = "<group>"; };
		DE2B62502BCDA41500105502 /* Preview Assets.xcassets */ = {isa = PBXFileReference; lastKnownFileType = folder.assetcatalog; path = "Preview Assets.xcassets"; sourceTree = "<group>"; };
		DE2B62582BCDA48900105502 /* Recipe.swift */ = {isa = PBXFileReference; lastKnownFileType = sourcecode.swift; path = Recipe.swift; sourceTree = "<group>"; };
		DE2B625C2BCDB06000105502 /* RecipeListView.swift */ = {isa = PBXFileReference; lastKnownFileType = sourcecode.swift; path = RecipeListView.swift; sourceTree = "<group>"; };
		DE2B625E2BCDB08500105502 /* RecipeDetailView.swift */ = {isa = PBXFileReference; lastKnownFileType = sourcecode.swift; path = RecipeDetailView.swift; sourceTree = "<group>"; };
		DE2B62622BCDB78D00105502 /* RecipeService.swift */ = {isa = PBXFileReference; lastKnownFileType = sourcecode.swift; path = RecipeService.swift; sourceTree = "<group>"; };
		DE2C564D2BCDCD220085C09B /* FavouriteRecipesView.swift */ = {isa = PBXFileReference; lastKnownFileType = sourcecode.swift; path = FavouriteRecipesView.swift; sourceTree = "<group>"; };
		DE2C564F2BCDD1180085C09B /* RecipeCardView.swift */ = {isa = PBXFileReference; lastKnownFileType = sourcecode.swift; path = RecipeCardView.swift; sourceTree = "<group>"; };
/* End PBXFileReference section */

/* Begin PBXFrameworksBuildPhase section */
		DE2B62432BCDA41100105502 /* Frameworks */ = {
			isa = PBXFrameworksBuildPhase;
			buildActionMask = 2147483647;
			files = (
			);
			runOnlyForDeploymentPostprocessing = 0;
		};
/* End PBXFrameworksBuildPhase section */

/* Begin PBXGroup section */
		DE2B623D2BCDA41100105502 = {
			isa = PBXGroup;
			children = (
				DE2B62482BCDA41100105502 /* MAPD724_Final_Assign_ShubhamPatel_PrafulRana */,
				DE2B62472BCDA41100105502 /* Products */,
			);
			sourceTree = "<group>";
		};
		DE2B62472BCDA41100105502 /* Products */ = {
			isa = PBXGroup;
			children = (
				DE2B62462BCDA41100105502 /* MAPD724_Final_Assign_ShubhamPatel_PrafulRana.app */,
			);
			name = Products;
			sourceTree = "<group>";
		};
		DE2B62482BCDA41100105502 /* MAPD724_Final_Assign_ShubhamPatel_PrafulRana */ = {
			isa = PBXGroup;
			children = (
				DE2B62622BCDB78D00105502 /* RecipeService.swift */,
				DE2B62572BCDA46900105502 /* Models */,
				DE2B62492BCDA41100105502 /* MAPD724_Final_Assign_ShubhamPatel_PrafulRanaApp.swift */,
				DE2B624B2BCDA41100105502 /* ContentView.swift */,
				DE2B624D2BCDA41500105502 /* Assets.xcassets */,
				DE2B624F2BCDA41500105502 /* Preview Content */,
				DE2B625C2BCDB06000105502 /* RecipeListView.swift */,
				DE2B625E2BCDB08500105502 /* RecipeDetailView.swift */,
				DE2C564D2BCDCD220085C09B /* FavouriteRecipesView.swift */,
				DE2C564F2BCDD1180085C09B /* RecipeCardView.swift */,
			);
			path = MAPD724_Final_Assign_ShubhamPatel_PrafulRana;
			sourceTree = "<group>";
		};
		DE2B624F2BCDA41500105502 /* Preview Content */ = {
			isa = PBXGroup;
			children = (
				DE2B62502BCDA41500105502 /* Preview Assets.xcassets */,
			);
			path = "Preview Content";
			sourceTree = "<group>";
		};
		DE2B62572BCDA46900105502 /* Models */ = {
			isa = PBXGroup;
			children = (
				DE2B62582BCDA48900105502 /* Recipe.swift */,
			);
			path = Models;
			sourceTree = "<group>";
		};
/* End PBXGroup section */

/* Begin PBXNativeTarget section */
		DE2B62452BCDA41100105502 /* MAPD724_Final_Assign_ShubhamPatel_PrafulRana */ = {
			isa = PBXNativeTarget;
			buildConfigurationList = DE2B62542BCDA41500105502 /* Build configuration list for PBXNativeTarget "MAPD724_Final_Assign_ShubhamPatel_PrafulRana" */;
			buildPhases = (
				DE2B62422BCDA41100105502 /* Sources */,
				DE2B62432BCDA41100105502 /* Frameworks */,
				DE2B62442BCDA41100105502 /* Resources */,
			);
			buildRules = (
			);
			dependencies = (
			);
			name = MAPD724_Final_Assign_ShubhamPatel_PrafulRana;
			productName = MAPD724_Final_Assign_ShubhamPatel_PrafulRana;
			productReference = DE2B62462BCDA41100105502 /* MAPD724_Final_Assign_ShubhamPatel_PrafulRana.app */;
			productType = "com.apple.product-type.application";
		};
/* End PBXNativeTarget section */

/* Begin PBXProject section */
		DE2B623E2BCDA41100105502 /* Project object */ = {
			isa = PBXProject;
			attributes = {
				BuildIndependentTargetsInParallel = 1;
				LastSwiftUpdateCheck = 1530;
				LastUpgradeCheck = 1530;
				TargetAttributes = {
					DE2B62452BCDA41100105502 = {
						CreatedOnToolsVersion = 15.3;
					};
				};
			};
			buildConfigurationList = DE2B62412BCDA41100105502 /* Build configuration list for PBXProject "MAPD724_Final_Assign_ShubhamPatel_PrafulRana" */;
			compatibilityVersion = "Xcode 14.0";
			developmentRegion = en;
			hasScannedForEncodings = 0;
			knownRegions = (
				en,
				Base,
			);
			mainGroup = DE2B623D2BCDA41100105502;
			productRefGroup = DE2B62472BCDA41100105502 /* Products */;
			projectDirPath = "";
			projectRoot = "";
			targets = (
				DE2B62452BCDA41100105502 /* MAPD724_Final_Assign_ShubhamPatel_PrafulRana */,
			);
		};
/* End PBXProject section */

/* Begin PBXResourcesBuildPhase section */
		DE2B62442BCDA41100105502 /* Resources */ = {
			isa = PBXResourcesBuildPhase;
			buildActionMask = 2147483647;
			files = (
				DE2B62512BCDA41500105502 /* Preview Assets.xcassets in Resources */,
				DE2B624E2BCDA41500105502 /* Assets.xcassets in Resources */,
			);
			runOnlyForDeploymentPostprocessing = 0;
		};
/* End PBXResourcesBuildPhase section */

/* Begin PBXSourcesBuildPhase section */
		DE2B62422BCDA41100105502 /* Sources */ = {
			isa = PBXSourcesBuildPhase;
			buildActionMask = 2147483647;
			files = (
				DE2C564E2BCDCD220085C09B /* FavouriteRecipesView.swift in Sources */,
				DE2B62592BCDA48900105502 /* Recipe.swift in Sources */,
				DE2B625F2BCDB08500105502 /* RecipeDetailView.swift in Sources */,
				DE2B624C2BCDA41100105502 /* ContentView.swift in Sources */,
				DE2C56502BCDD1180085C09B /* RecipeCardView.swift in Sources */,
				DE2B625D2BCDB06000105502 /* RecipeListView.swift in Sources */,
				DE2B624A2BCDA41100105502 /* MAPD724_Final_Assign_ShubhamPatel_PrafulRanaApp.swift in Sources */,
				DE2B62632BCDB78D00105502 /* RecipeService.swift in Sources */,
			);
			runOnlyForDeploymentPostprocessing = 0;
		};
/* End PBXSourcesBuildPhase section */

/* Begin XCBuildConfiguration section */
		DE2B62522BCDA41500105502 /* Debug */ = {
			isa = XCBuildConfiguration;
			buildSettings = {
				ALWAYS_SEARCH_USER_PATHS = NO;
				ASSETCATALOG_COMPILER_GENERATE_SWIFT_ASSET_SYMBOL_EXTENSIONS = YES;
				CLANG_ANALYZER_NONNULL = YES;
				CLANG_ANALYZER_NUMBER_OBJECT_CONVERSION = YES_AGGRESSIVE;
				CLANG_CXX_LANGUAGE_STANDARD = "gnu++20";
				CLANG_ENABLE_MODULES = YES;
				CLANG_ENABLE_OBJC_ARC = YES;
				CLANG_ENABLE_OBJC_WEAK = YES;
				CLANG_WARN_BLOCK_CAPTURE_AUTORELEASING = YES;
				CLANG_WARN_BOOL_CONVERSION = YES;
				CLANG_WARN_COMMA = YES;
				CLANG_WARN_CONSTANT_CONVERSION = YES;
				CLANG_WARN_DEPRECATED_OBJC_IMPLEMENTATIONS = YES;
				CLANG_WARN_DIRECT_OBJC_ISA_USAGE = YES_ERROR;
				CLANG_WARN_DOCUMENTATION_COMMENTS = YES;
				CLANG_WARN_EMPTY_BODY = YES;
				CLANG_WARN_ENUM_CONVERSION = YES;
				CLANG_WARN_INFINITE_RECURSION = YES;
				CLANG_WARN_INT_CONVERSION = YES;
				CLANG_WARN_NON_LITERAL_NULL_CONVERSION = YES;
				CLANG_WARN_OBJC_IMPLICIT_RETAIN_SELF = YES;
				CLANG_WARN_OBJC_LITERAL_CONVERSION = YES;
				CLANG_WARN_OBJC_ROOT_CLASS = YES_ERROR;
				CLANG_WARN_QUOTED_INCLUDE_IN_FRAMEWORK_HEADER = YES;
				CLANG_WARN_RANGE_LOOP_ANALYSIS = YES;
				CLANG_WARN_STRICT_PROTOTYPES = YES;
				CLANG_WARN_SUSPICIOUS_MOVE = YES;
				CLANG_WARN_UNGUARDED_AVAILABILITY = YES_AGGRESSIVE;
				CLANG_WARN_UNREACHABLE_CODE = YES;
				CLANG_WARN__DUPLICATE_METHOD_MATCH = YES;
				COPY_PHASE_STRIP = NO;
				DEBUG_INFORMATION_FORMAT = dwarf;
				ENABLE_STRICT_OBJC_MSGSEND = YES;
				ENABLE_TESTABILITY = YES;
				ENABLE_USER_SCRIPT_SANDBOXING = YES;
				GCC_C_LANGUAGE_STANDARD = gnu17;
				GCC_DYNAMIC_NO_PIC = NO;
				GCC_NO_COMMON_BLOCKS = YES;
				GCC_OPTIMIZATION_LEVEL = 0;
				GCC_PREPROCESSOR_DEFINITIONS = (
					"DEBUG=1",
					"$(inherited)",
				);
				GCC_WARN_64_TO_32_BIT_CONVERSION = YES;
				GCC_WARN_ABOUT_RETURN_TYPE = YES_ERROR;
				GCC_WARN_UNDECLARED_SELECTOR = YES;
				GCC_WARN_UNINITIALIZED_AUTOS = YES_AGGRESSIVE;
				GCC_WARN_UNUSED_FUNCTION = YES;
				GCC_WARN_UNUSED_VARIABLE = YES;
				IPHONEOS_DEPLOYMENT_TARGET = 17.4;
				LOCALIZATION_PREFERS_STRING_CATALOGS = YES;
				MTL_ENABLE_DEBUG_INFO = INCLUDE_SOURCE;
				MTL_FAST_MATH = YES;
				ONLY_ACTIVE_ARCH = YES;
				SDKROOT = iphoneos;
				SWIFT_ACTIVE_COMPILATION_CONDITIONS = "DEBUG $(inherited)";
				SWIFT_OPTIMIZATION_LEVEL = "-Onone";
			};
			name = Debug;
		};
		DE2B62532BCDA41500105502 /* Release */ = {
			isa = XCBuildConfiguration;
			buildSettings = {
				ALWAYS_SEARCH_USER_PATHS = NO;
				ASSETCATALOG_COMPILER_GENERATE_SWIFT_ASSET_SYMBOL_EXTENSIONS = YES;
				CLANG_ANALYZER_NONNULL = YES;
				CLANG_ANALYZER_NUMBER_OBJECT_CONVERSION = YES_AGGRESSIVE;
				CLANG_CXX_LANGUAGE_STANDARD = "gnu++20";
				CLANG_ENABLE_MODULES = YES;
				CLANG_ENABLE_OBJC_ARC = YES;
				CLANG_ENABLE_OBJC_WEAK = YES;
				CLANG_WARN_BLOCK_CAPTURE_AUTORELEASING = YES;
				CLANG_WARN_BOOL_CONVERSION = YES;
				CLANG_WARN_COMMA = YES;
				CLANG_WARN_CONSTANT_CONVERSION = YES;
				CLANG_WARN_DEPRECATED_OBJC_IMPLEMENTATIONS = YES;
				CLANG_WARN_DIRECT_OBJC_ISA_USAGE = YES_ERROR;
				CLANG_WARN_DOCUMENTATION_COMMENTS = YES;
				CLANG_WARN_EMPTY_BODY = YES;
				CLANG_WARN_ENUM_CONVERSION = YES;
				CLANG_WARN_INFINITE_RECURSION = YES;
				CLANG_WARN_INT_CONVERSION = YES;
				CLANG_WARN_NON_LITERAL_NULL_CONVERSION = YES;
				CLANG_WARN_OBJC_IMPLICIT_RETAIN_SELF = YES;
				CLANG_WARN_OBJC_LITERAL_CONVERSION = YES;
				CLANG_WARN_OBJC_ROOT_CLASS = YES_ERROR;
				CLANG_WARN_QUOTED_INCLUDE_IN_FRAMEWORK_HEADER = YES;
				CLANG_WARN_RANGE_LOOP_ANALYSIS = YES;
				CLANG_WARN_STRICT_PROTOTYPES = YES;
				CLANG_WARN_SUSPICIOUS_MOVE = YES;
				CLANG_WARN_UNGUARDED_AVAILABILITY = YES_AGGRESSIVE;
				CLANG_WARN_UNREACHABLE_CODE = YES;
				CLANG_WARN__DUPLICATE_METHOD_MATCH = YES;
				COPY_PHASE_STRIP = NO;
				DEBUG_INFORMATION_FORMAT = "dwarf-with-dsym";
				ENABLE_NS_ASSERTIONS = NO;
				ENABLE_STRICT_OBJC_MSGSEND = YES;
				ENABLE_USER_SCRIPT_SANDBOXING = YES;
				GCC_C_LANGUAGE_STANDARD = gnu17;
				GCC_NO_COMMON_BLOCKS = YES;
				GCC_WARN_64_TO_32_BIT_CONVERSION = YES;
				GCC_WARN_ABOUT_RETURN_TYPE = YES_ERROR;
				GCC_WARN_UNDECLARED_SELECTOR = YES;
				GCC_WARN_UNINITIALIZED_AUTOS = YES_AGGRESSIVE;
				GCC_WARN_UNUSED_FUNCTION = YES;
				GCC_WARN_UNUSED_VARIABLE = YES;
				IPHONEOS_DEPLOYMENT_TARGET = 17.4;
				LOCALIZATION_PREFERS_STRING_CATALOGS = YES;
				MTL_ENABLE_DEBUG_INFO = NO;
				MTL_FAST_MATH = YES;
				SDKROOT = iphoneos;
				SWIFT_COMPILATION_MODE = wholemodule;
				VALIDATE_PRODUCT = YES;
			};
			name = Release;
		};
		DE2B62552BCDA41500105502 /* Debug */ = {
			isa = XCBuildConfiguration;
			buildSettings = {
				ASSETCATALOG_COMPILER_APPICON_NAME = AppIcon;
				ASSETCATALOG_COMPILER_GLOBAL_ACCENT_COLOR_NAME = AccentColor;
				CODE_SIGN_STYLE = Automatic;
				CURRENT_PROJECT_VERSION = 1;
				DEVELOPMENT_ASSET_PATHS = "\"MAPD724_Final_Assign_ShubhamPatel_PrafulRana/Preview Content\"";
				DEVELOPMENT_TEAM = 46RVT8CX6N;
				ENABLE_PREVIEWS = YES;
				GENERATE_INFOPLIST_FILE = YES;
				INFOPLIST_KEY_UIApplicationSceneManifest_Generation = YES;
				INFOPLIST_KEY_UIApplicationSupportsIndirectInputEvents = YES;
				INFOPLIST_KEY_UILaunchScreen_Generation = YES;
				INFOPLIST_KEY_UISupportedInterfaceOrientations_iPad = "UIInterfaceOrientationPortrait UIInterfaceOrientationPortraitUpsideDown UIInterfaceOrientationLandscapeLeft UIInterfaceOrientationLandscapeRight";
				INFOPLIST_KEY_UISupportedInterfaceOrientations_iPhone = "UIInterfaceOrientationPortrait UIInterfaceOrientationLandscapeLeft UIInterfaceOrientationLandscapeRight";
				IPHONEOS_DEPLOYMENT_TARGET = 15.0;
				LD_RUNPATH_SEARCH_PATHS = (
					"$(inherited)",
					"@executable_path/Frameworks",
				);
				MARKETING_VERSION = 1.0;
				PRODUCT_BUNDLE_IDENTIFIER = "com.shubhamPatel.MAPD724-Final-Assign-ShubhamPatel-PrafulRana";
				PRODUCT_NAME = "$(TARGET_NAME)";
				SWIFT_EMIT_LOC_STRINGS = YES;
				SWIFT_VERSION = 5.0;
				TARGETED_DEVICE_FAMILY = "1,2";
			};
			name = Debug;
		};
		DE2B62562BCDA41500105502 /* Release */ = {
			isa = XCBuildConfiguration;
			buildSettings = {
				ASSETCATALOG_COMPILER_APPICON_NAME = AppIcon;
				ASSETCATALOG_COMPILER_GLOBAL_ACCENT_COLOR_NAME = AccentColor;
				CODE_SIGN_STYLE = Automatic;
				CURRENT_PROJECT_VERSION = 1;
				DEVELOPMENT_ASSET_PATHS = "\"MAPD724_Final_Assign_ShubhamPatel_PrafulRana/Preview Content\"";
				DEVELOPMENT_TEAM = 46RVT8CX6N;
				ENABLE_PREVIEWS = YES;
				GENERATE_INFOPLIST_FILE = YES;
				INFOPLIST_KEY_UIApplicationSceneManifest_Generation = YES;
				INFOPLIST_KEY_UIApplicationSupportsIndirectInputEvents = YES;
				INFOPLIST_KEY_UILaunchScreen_Generation = YES;
				INFOPLIST_KEY_UISupportedInterfaceOrientations_iPad = "UIInterfaceOrientationPortrait UIInterfaceOrientationPortraitUpsideDown UIInterfaceOrientationLandscapeLeft UIInterfaceOrientationLandscapeRight";
				INFOPLIST_KEY_UISupportedInterfaceOrientations_iPhone = "UIInterfaceOrientationPortrait UIInterfaceOrientationLandscapeLeft UIInterfaceOrientationLandscapeRight";
				IPHONEOS_DEPLOYMENT_TARGET = 15.0;
				LD_RUNPATH_SEARCH_PATHS = (
					"$(inherited)",
					"@executable_path/Frameworks",
				);
				MARKETING_VERSION = 1.0;
				PRODUCT_BUNDLE_IDENTIFIER = "com.shubhamPatel.MAPD724-Final-Assign-ShubhamPatel-PrafulRana";
				PRODUCT_NAME = "$(TARGET_NAME)";
				SWIFT_EMIT_LOC_STRINGS = YES;
				SWIFT_VERSION = 5.0;
				TARGETED_DEVICE_FAMILY = "1,2";
			};
			name = Release;
		};
/* End XCBuildConfiguration section */

/* Begin XCConfigurationList section */
		DE2B62412BCDA41100105502 /* Build configuration list for PBXProject "MAPD724_Final_Assign_ShubhamPatel_PrafulRana" */ = {
			isa = XCConfigurationList;
			buildConfigurations = (
				DE2B62522BCDA41500105502 /* Debug */,
				DE2B62532BCDA41500105502 /* Release */,
			);
			defaultConfigurationIsVisible = 0;
			defaultConfigurationName = Release;
		};
		DE2B62542BCDA41500105502 /* Build configuration list for PBXNativeTarget "MAPD724_Final_Assign_ShubhamPatel_PrafulRana" */ = {
			isa = XCConfigurationList;
			buildConfigurations = (
				DE2B62552BCDA41500105502 /* Debug */,
				DE2B62562BCDA41500105502 /* Release */,
			);
			defaultConfigurationIsVisible = 0;
			defaultConfigurationName = Release;
		};
/* End XCConfigurationList section */
	};
	rootObject = DE2B623E2BCDA41100105502 /* Project object */;
}
